{
  "name": "CS4207-Blockchain-Project",
  "lockfileVersion": 3,
  "requires": true,
  "packages": {
    "": {
      "dependencies": {
        "18": "^0.0.0",
        "@openzeppelin/contracts": "^5.1.0"
      }
    },
    "node_modules/@openzeppelin/contracts": {
      "version": "5.1.0",
      "resolved": "https://registry.npmjs.org/@openzeppelin/contracts/-/contracts-5.1.0.tgz",
      "integrity": "sha512-p1ULhl7BXzjjbha5aqst+QMLY+4/LCWADXOCsmLHRM77AqiPjnd9vvUN9sosUfhL9JGKpZ0TjEGxgvnizmWGSA==",
      "license": "MIT"
    },
    "node_modules/18": {
      "version": "0.0.0",
      "resolved": "https://registry.npmjs.org/18/-/18-0.0.0.tgz",
      "integrity": "sha512-2SPMA/ciHy16yY4uVXDrW8q7nLwb2F2Vrt8Qz5OiVo9cyC8Wo8/rwC2hDzbqlTXhIwzt2Y4yJRLem6XMNbT/3A==",
      "license": "ISC"
    }
  }
}
